
Microsoft Visual Studio Solution File, Format Version 12.00
# Visual Studio Version 17
VisualStudioVersion = 17.9.34728.123
MinimumVisualStudioVersion = 10.0.40219.1
Project("{FAE04EC0-301F-11D3-BF4B-00C04F79EFBC}") = "WinFormsApp1", "WinFormsApp1.csproj", "{C893DF55-A8CB-4706-855F-1985C8FBF36E}"
EndProject
Global
	GlobalSection(SolutionConfigurationPlatforms) = preSolution
		Debug|Any CPU = Debug|Any CPU
		Release|Any CPU = Release|Any CPU
	EndGlobalSection
	GlobalSection(ProjectConfigurationPlatforms) = postSolution
		{C893DF55-A8CB-4706-855F-1985C8FBF36E}.Debug|Any CPU.ActiveCfg = Debug|Any CPU
		{C893DF55-A8CB-4706-855F-1985C8FBF36E}.Debug|Any CPU.Build.0 = Debug|Any CPU
		{C893DF55-A8CB-4706-855F-1985C8FBF36E}.Release|Any CPU.ActiveCfg = Release|Any CPU
		{C893DF55-A8CB-4706-855F-1985C8FBF36E}.Release|Any CPU.Build.0 = Release|Any CPU
	EndGlobalSection
	GlobalSection(SolutionProperties) = preSolution
		HideSolutionNode = FALSE
	EndGlobalSection
	GlobalSection(ExtensibilityGlobals) = postSolution
		SolutionGuid = {B8E14112-FCCF-4EC8-854B-5F4C1ED12F4A}
	EndGlobalSection
EndGlobal
