
Microsoft Visual Studio Solution File, Format Version 12.00
# Visual Studio Version 17
VisualStudioVersion = 17.9.34622.214
MinimumVisualStudioVersion = 10.0.40219.1
Project("{FAE04EC0-301F-11D3-BF4B-00C04F79EFBC}") = "HashTableCollection", "HashTableCollection.csproj", "{446C66F0-CCF2-414B-9211-46B8B06D7690}"
EndProject
Global
	GlobalSection(SolutionConfigurationPlatforms) = preSolution
		Debug|Any CPU = Debug|Any CPU
		Release|Any CPU = Release|Any CPU
	EndGlobalSection
	GlobalSection(ProjectConfigurationPlatforms) = postSolution
		{446C66F0-CCF2-414B-9211-46B8B06D7690}.Debug|Any CPU.ActiveCfg = Debug|Any CPU
		{446C66F0-CCF2-414B-9211-46B8B06D7690}.Debug|Any CPU.Build.0 = Debug|Any CPU
		{446C66F0-CCF2-414B-9211-46B8B06D7690}.Release|Any CPU.ActiveCfg = Release|Any CPU
		{446C66F0-CCF2-414B-9211-46B8B06D7690}.Release|Any CPU.Build.0 = Release|Any CPU
	EndGlobalSection
	GlobalSection(SolutionProperties) = preSolution
		HideSolutionNode = FALSE
	EndGlobalSection
	GlobalSection(ExtensibilityGlobals) = postSolution
		SolutionGuid = {6A0A1CDA-46A7-43F4-A622-E1E9DC1619C1}
	EndGlobalSection
EndGlobal
